// !$*UTF8*$!
{
	archiveVersion = 1;
	classes = {
	};
	objectVersion = 46;
	objects = {

/* Begin PBXBuildFile section */
		8CFB95851DD7C27100105BD4 /* AppDelegate.swift in Sources */ = {isa = PBXBuildFile; fileRef = 8CFB95841DD7C27100105BD4 /* AppDelegate.swift */; };
		8CFB95871DD7C27100105BD4 /* ViewController.swift in Sources */ = {isa = PBXBuildFile; fileRef = 8CFB95861DD7C27100105BD4 /* ViewController.swift */; };
		8CFB958A1DD7C27100105BD4 /* Main.storyboard in Resources */ = {isa = PBXBuildFile; fileRef = 8CFB95881DD7C27100105BD4 /* Main.storyboard */; };
		8CFB958C1DD7C27100105BD4 /* Assets.xcassets in Resources */ = {isa = PBXBuildFile; fileRef = 8CFB958B1DD7C27100105BD4 /* Assets.xcassets */; };
		8CFB958F1DD7C27100105BD4 /* LaunchScreen.storyboard in Resources */ = {isa = PBXBuildFile; fileRef = 8CFB958D1DD7C27100105BD4 /* LaunchScreen.storyboard */; };
		8CFB959A1DD7C27200105BD4 /* FHPSUTests.swift in Sources */ = {isa = PBXBuildFile; fileRef = 8CFB95991DD7C27200105BD4 /* FHPSUTests.swift */; };
		8CFB95A51DD7C27200105BD4 /* FHPSUUITests.swift in Sources */ = {isa = PBXBuildFile; fileRef = 8CFB95A41DD7C27200105BD4 /* FHPSUUITests.swift */; };
/* End PBXBuildFile section */

/* Begin PBXContainerItemProxy section */
		8CFB95961DD7C27100105BD4 /* PBXContainerItemProxy */ = {
			isa = PBXContainerItemProxy;
			containerPortal = 8CFB95791DD7C27100105BD4 /* Project object */;
			proxyType = 1;
			remoteGlobalIDString = 8CFB95801DD7C27100105BD4;
			remoteInfo = FHPSU;
		};
		8CFB95A11DD7C27200105BD4 /* PBXContainerItemProxy */ = {
			isa = PBXContainerItemProxy;
			containerPortal = 8CFB95791DD7C27100105BD4 /* Project object */;
			proxyType = 1;
			remoteGlobalIDString = 8CFB95801DD7C27100105BD4;
			remoteInfo = FHPSU;
		};
/* End PBXContainerItemProxy section */

/* Begin PBXFileReference section */
		8CFB95811DD7C27100105BD4 /* FHPSU.app */ = {isa = PBXFileReference; explicitFileType = wrapper.application; includeInIndex = 0; path = FHPSU.app; sourceTree = BUILT_PRODUCTS_DIR; };
		8CFB95841DD7C27100105BD4 /* AppDelegate.swift */ = {isa = PBXFileReference; lastKnownFileType = sourcecode.swift; path = AppDelegate.swift; sourceTree = "<group>"; };
		8CFB95861DD7C27100105BD4 /* ViewController.swift */ = {isa = PBXFileReference; lastKnownFileType = sourcecode.swift; path = ViewController.swift; sourceTree = "<group>"; };
		8CFB95891DD7C27100105BD4 /* Base */ = {isa = PBXFileReference; lastKnownFileType = file.storyboard; name = Base; path = Base.lproj/Main.storyboard; sourceTree = "<group>"; };
		8CFB958B1DD7C27100105BD4 /* Assets.xcassets */ = {isa = PBXFileReference; lastKnownFileType = folder.assetcatalog; path = Assets.xcassets; sourceTree = "<group>"; };
		8CFB958E1DD7C27100105BD4 /* Base */ = {isa = PBXFileReference; lastKnownFileType = file.storyboard; name = Base; path = Base.lproj/LaunchScreen.storyboard; sourceTree = "<group>"; };
		8CFB95901DD7C27100105BD4 /* Info.plist */ = {isa = PBXFileReference; lastKnownFileType = text.plist.xml; path = Info.plist; sourceTree = "<group>"; };
		8CFB95951DD7C27100105BD4 /* FHPSUTests.xctest */ = {isa = PBXFileReference; explicitFileType = wrapper.cfbundle; includeInIndex = 0; path = FHPSUTests.xctest; sourceTree = BUILT_PRODUCTS_DIR; };
		8CFB95991DD7C27200105BD4 /* FHPSUTests.swift */ = {isa = PBXFileReference; lastKnownFileType = sourcecode.swift; path = FHPSUTests.swift; sourceTree = "<group>"; };
		8CFB959B1DD7C27200105BD4 /* Info.plist */ = {isa = PBXFileReference; lastKnownFileType = text.plist.xml; path = Info.plist; sourceTree = "<group>"; };
		8CFB95A01DD7C27200105BD4 /* FHPSUUITests.xctest */ = {isa = PBXFileReference; explicitFileType = wrapper.cfbundle; includeInIndex = 0; path = FHPSUUITests.xctest; sourceTree = BUILT_PRODUCTS_DIR; };
		8CFB95A41DD7C27200105BD4 /* FHPSUUITests.swift */ = {isa = PBXFileReference; lastKnownFileType = sourcecode.swift; path = FHPSUUITests.swift; sourceTree = "<group>"; };
		8CFB95A61DD7C27200105BD4 /* Info.plist */ = {isa = PBXFileReference; lastKnownFileType = text.plist.xml; path = Info.plist; sourceTree = "<group>"; };
/* End PBXFileReference section */

/* Begin PBXFrameworksBuildPhase section */
		8CFB957E1DD7C27100105BD4 /* Frameworks */ = {
			isa = PBXFrameworksBuildPhase;
			buildActionMask = 2147483647;
			files = (
			);
			runOnlyForDeploymentPostprocessing = 0;
		};
		8CFB95921DD7C27100105BD4 /* Frameworks */ = {
			isa = PBXFrameworksBuildPhase;
			buildActionMask = 2147483647;
			files = (
			);
			runOnlyForDeploymentPostprocessing = 0;
		};
		8CFB959D1DD7C27200105BD4 /* Frameworks */ = {
			isa = PBXFrameworksBuildPhase;
			buildActionMask = 2147483647;
			files = (
			);
			runOnlyForDeploymentPostprocessing = 0;
		};
/* End PBXFrameworksBuildPhase section */

/* Begin PBXGroup section */
		8CFB95781DD7C27100105BD4 = {
			isa = PBXGroup;
			children = (
				8CFB95831DD7C27100105BD4 /* FHPSU */,
				8CFB95981DD7C27200105BD4 /* FHPSUTests */,
				8CFB95A31DD7C27200105BD4 /* FHPSUUITests */,
				8CFB95821DD7C27100105BD4 /* Products */,
			);
			sourceTree = "<group>";
		};
		8CFB95821DD7C27100105BD4 /* Products */ = {
			isa = PBXGroup;
			children = (
				8CFB95811DD7C27100105BD4 /* FHPSU.app */,
				8CFB95951DD7C27100105BD4 /* FHPSUTests.xctest */,
				8CFB95A01DD7C27200105BD4 /* FHPSUUITests.xctest */,
			);
			name = Products;
			sourceTree = "<group>";
		};
		8CFB95831DD7C27100105BD4 /* FHPSU */ = {
			isa = PBXGroup;
			children = (
				8CFB95841DD7C27100105BD4 /* AppDelegate.swift */,
				8CFB95861DD7C27100105BD4 /* ViewController.swift */,
				8CFB95881DD7C27100105BD4 /* Main.storyboard */,
				8CFB958B1DD7C27100105BD4 /* Assets.xcassets */,
				8CFB958D1DD7C27100105BD4 /* LaunchScreen.storyboard */,
				8CFB95901DD7C27100105BD4 /* Info.plist */,
			);
			path = FHPSU;
			sourceTree = "<group>";
		};
		8CFB95981DD7C27200105BD4 /* FHPSUTests */ = {
			isa = PBXGroup;
			children = (
				8CFB95991DD7C27200105BD4 /* FHPSUTests.swift */,
				8CFB959B1DD7C27200105BD4 /* Info.plist */,
			);
			path = FHPSUTests;
			sourceTree = "<group>";
		};
		8CFB95A31DD7C27200105BD4 /* FHPSUUITests */ = {
			isa = PBXGroup;
			children = (
				8CFB95A41DD7C27200105BD4 /* FHPSUUITests.swift */,
				8CFB95A61DD7C27200105BD4 /* Info.plist */,
			);
			path = FHPSUUITests;
			sourceTree = "<group>";
		};
/* End PBXGroup section */

/* Begin PBXNativeTarget section */
		8CFB95801DD7C27100105BD4 /* FHPSU */ = {
			isa = PBXNativeTarget;
			buildConfigurationList = 8CFB95A91DD7C27200105BD4 /* Build configuration list for PBXNativeTarget "FHPSU" */;
			buildPhases = (
				8CFB957D1DD7C27100105BD4 /* Sources */,
				8CFB957E1DD7C27100105BD4 /* Frameworks */,
				8CFB957F1DD7C27100105BD4 /* Resources */,
			);
			buildRules = (
			);
			dependencies = (
			);
			name = FHPSU;
			productName = FHPSU;
			productReference = 8CFB95811DD7C27100105BD4 /* FHPSU.app */;
			productType = "com.apple.product-type.application";
		};
		8CFB95941DD7C27100105BD4 /* FHPSUTests */ = {
			isa = PBXNativeTarget;
			buildConfigurationList = 8CFB95AC1DD7C27200105BD4 /* Build configuration list for PBXNativeTarget "FHPSUTests" */;
			buildPhases = (
				8CFB95911DD7C27100105BD4 /* Sources */,
				8CFB95921DD7C27100105BD4 /* Frameworks */,
				8CFB95931DD7C27100105BD4 /* Resources */,
			);
			buildRules = (
			);
			dependencies = (
				8CFB95971DD7C27100105BD4 /* PBXTargetDependency */,
			);
			name = FHPSUTests;
			productName = FHPSUTests;
			productReference = 8CFB95951DD7C27100105BD4 /* FHPSUTests.xctest */;
			productType = "com.apple.product-type.bundle.unit-test";
		};
		8CFB959F1DD7C27200105BD4 /* FHPSUUITests */ = {
			isa = PBXNativeTarget;
			buildConfigurationList = 8CFB95AF1DD7C27200105BD4 /* Build configuration list for PBXNativeTarget "FHPSUUITests" */;
			buildPhases = (
				8CFB959C1DD7C27200105BD4 /* Sources */,
				8CFB959D1DD7C27200105BD4 /* Frameworks */,
				8CFB959E1DD7C27200105BD4 /* Resources */,
			);
			buildRules = (
			);
			dependencies = (
				8CFB95A21DD7C27200105BD4 /* PBXTargetDependency */,
			);
			name = FHPSUUITests;
			productName = FHPSUUITests;
			productReference = 8CFB95A01DD7C27200105BD4 /* FHPSUUITests.xctest */;
			productType = "com.apple.product-type.bundle.ui-testing";
		};
/* End PBXNativeTarget section */

/* Begin PBXProject section */
		8CFB95791DD7C27100105BD4 /* Project object */ = {
			isa = PBXProject;
			attributes = {
				LastSwiftUpdateCheck = 0810;
				LastUpgradeCheck = 0810;
				ORGANIZATIONNAME = "Kevin Baik";
				TargetAttributes = {
					8CFB95801DD7C27100105BD4 = {
						CreatedOnToolsVersion = 8.1;
						ProvisioningStyle = Automatic;
					};
					8CFB95941DD7C27100105BD4 = {
						CreatedOnToolsVersion = 8.1;
						ProvisioningStyle = Automatic;
						TestTargetID = 8CFB95801DD7C27100105BD4;
					};
					8CFB959F1DD7C27200105BD4 = {
						CreatedOnToolsVersion = 8.1;
						ProvisioningStyle = Automatic;
						TestTargetID = 8CFB95801DD7C27100105BD4;
					};
				};
			};
			buildConfigurationList = 8CFB957C1DD7C27100105BD4 /* Build configuration list for PBXProject "FHPSU" */;
			compatibilityVersion = "Xcode 3.2";
			developmentRegion = English;
			hasScannedForEncodings = 0;
			knownRegions = (
				en,
				Base,
			);
			mainGroup = 8CFB95781DD7C27100105BD4;
			productRefGroup = 8CFB95821DD7C27100105BD4 /* Products */;
			projectDirPath = "";
			projectRoot = "";
			targets = (
				8CFB95801DD7C27100105BD4 /* FHPSU */,
				8CFB95941DD7C27100105BD4 /* FHPSUTests */,
				8CFB959F1DD7C27200105BD4 /* FHPSUUITests */,
			);
		};
/* End PBXProject section */

/* Begin PBXResourcesBuildPhase section */
		8CFB957F1DD7C27100105BD4 /* Resources */ = {
			isa = PBXResourcesBuildPhase;
			buildActionMask = 2147483647;
			files = (
				8CFB958F1DD7C27100105BD4 /* LaunchScreen.storyboard in Resources */,
				8CFB958C1DD7C27100105BD4 /* Assets.xcassets in Resources */,
				8CFB958A1DD7C27100105BD4 /* Main.storyboard in Resources */,
			);
			runOnlyForDeploymentPostprocessing = 0;
		};
		8CFB95931DD7C27100105BD4 /* Resources */ = {
			isa = PBXResourcesBuildPhase;
			buildActionMask = 2147483647;
			files = (
			);
			runOnlyForDeploymentPostprocessing = 0;
		};
		8CFB959E1DD7C27200105BD4 /* Resources */ = {
			isa = PBXResourcesBuildPhase;
			buildActionMask = 2147483647;
			files = (
			);
			runOnlyForDeploymentPostprocessing = 0;
		};
/* End PBXResourcesBuildPhase section */

/* Begin PBXSourcesBuildPhase section */
		8CFB957D1DD7C27100105BD4 /* Sources */ = {
			isa = PBXSourcesBuildPhase;
			buildActionMask = 2147483647;
			files = (
				8CFB95871DD7C27100105BD4 /* ViewController.swift in Sources */,
				8CFB95851DD7C27100105BD4 /* AppDelegate.swift in Sources */,
			);
			runOnlyForDeploymentPostprocessing = 0;
		};
		8CFB95911DD7C27100105BD4 /* Sources */ = {
			isa = PBXSourcesBuildPhase;
			buildActionMask = 2147483647;
			files = (
				8CFB959A1DD7C27200105BD4 /* FHPSUTests.swift in Sources */,
			);
			runOnlyForDeploymentPostprocessing = 0;
		};
		8CFB959C1DD7C27200105BD4 /* Sources */ = {
			isa = PBXSourcesBuildPhase;
			buildActionMask = 2147483647;
			files = (
				8CFB95A51DD7C27200105BD4 /* FHPSUUITests.swift in Sources */,
			);
			runOnlyForDeploymentPostprocessing = 0;
		};
/* End PBXSourcesBuildPhase section */

/* Begin PBXTargetDependency section */
		8CFB95971DD7C27100105BD4 /* PBXTargetDependency */ = {
			isa = PBXTargetDependency;
			target = 8CFB95801DD7C27100105BD4 /* FHPSU */;
			targetProxy = 8CFB95961DD7C27100105BD4 /* PBXContainerItemProxy */;
		};
		8CFB95A21DD7C27200105BD4 /* PBXTargetDependency */ = {
			isa = PBXTargetDependency;
			target = 8CFB95801DD7C27100105BD4 /* FHPSU */;
			targetProxy = 8CFB95A11DD7C27200105BD4 /* PBXContainerItemProxy */;
		};
/* End PBXTargetDependency section */

/* Begin PBXVariantGroup section */
		8CFB95881DD7C27100105BD4 /* Main.storyboard */ = {
			isa = PBXVariantGroup;
			children = (
				8CFB95891DD7C27100105BD4 /* Base */,
			);
			name = Main.storyboard;
			sourceTree = "<group>";
		};
		8CFB958D1DD7C27100105BD4 /* LaunchScreen.storyboard */ = {
			isa = PBXVariantGroup;
			children = (
				8CFB958E1DD7C27100105BD4 /* Base */,
			);
			name = LaunchScreen.storyboard;
			sourceTree = "<group>";
		};
/* End PBXVariantGroup section */

/* Begin XCBuildConfiguration section */
		8CFB95A71DD7C27200105BD4 /* Debug */ = {
			isa = XCBuildConfiguration;
			buildSettings = {
				ALWAYS_SEARCH_USER_PATHS = NO;
				CLANG_ANALYZER_NONNULL = YES;
				CLANG_CXX_LANGUAGE_STANDARD = "gnu++0x";
				CLANG_CXX_LIBRARY = "libc++";
				CLANG_ENABLE_MODULES = YES;
				CLANG_ENABLE_OBJC_ARC = YES;
				CLANG_WARN_BOOL_CONVERSION = YES;
				CLANG_WARN_CONSTANT_CONVERSION = YES;
				CLANG_WARN_DIRECT_OBJC_ISA_USAGE = YES_ERROR;
				CLANG_WARN_DOCUMENTATION_COMMENTS = YES;
				CLANG_WARN_EMPTY_BODY = YES;
				CLANG_WARN_ENUM_CONVERSION = YES;
				CLANG_WARN_INFINITE_RECURSION = YES;
				CLANG_WARN_INT_CONVERSION = YES;
				CLANG_WARN_OBJC_ROOT_CLASS = YES_ERROR;
				CLANG_WARN_SUSPICIOUS_MOVES = YES;
				CLANG_WARN_UNREACHABLE_CODE = YES;
				CLANG_WARN__DUPLICATE_METHOD_MATCH = YES;
				"CODE_SIGN_IDENTITY[sdk=iphoneos*]" = "iPhone Developer";
				COPY_PHASE_STRIP = NO;
				DEBUG_INFORMATION_FORMAT = dwarf;
				ENABLE_STRICT_OBJC_MSGSEND = YES;
				ENABLE_TESTABILITY = YES;
				GCC_C_LANGUAGE_STANDARD = gnu99;
				GCC_DYNAMIC_NO_PIC = NO;
				GCC_NO_COMMON_BLOCKS = YES;
				GCC_OPTIMIZATION_LEVEL = 0;
				GCC_PREPROCESSOR_DEFINITIONS = (
					"DEBUG=1",
					"$(inherited)",
				);
				GCC_WARN_64_TO_32_BIT_CONVERSION = YES;
				GCC_WARN_ABOUT_RETURN_TYPE = YES_ERROR;
				GCC_WARN_UNDECLARED_SELECTOR = YES;
				GCC_WARN_UNINITIALIZED_AUTOS = YES_AGGRESSIVE;
				GCC_WARN_UNUSED_FUNCTION = YES;
				GCC_WARN_UNUSED_VARIABLE = YES;
				IPHONEOS_DEPLOYMENT_TARGET = 10.1;
				MTL_ENABLE_DEBUG_INFO = YES;
				ONLY_ACTIVE_ARCH = YES;
				SDKROOT = iphoneos;
				SWIFT_ACTIVE_COMPILATION_CONDITIONS = DEBUG;
				SWIFT_OPTIMIZATION_LEVEL = "-Onone";
			};
			name = Debug;
		};
		8CFB95A81DD7C27200105BD4 /* Release */ = {
			isa = XCBuildConfiguration;
			buildSettings = {
				ALWAYS_SEARCH_USER_PATHS = NO;
				CLANG_ANALYZER_NONNULL = YES;
				CLANG_CXX_LANGUAGE_STANDARD = "gnu++0x";
				CLANG_CXX_LIBRARY = "libc++";
				CLANG_ENABLE_MODULES = YES;
				CLANG_ENABLE_OBJC_ARC = YES;
				CLANG_WARN_BOOL_CONVERSION = YES;
				CLANG_WARN_CONSTANT_CONVERSION = YES;
				CLANG_WARN_DIRECT_OBJC_ISA_USAGE = YES_ERROR;
				CLANG_WARN_DOCUMENTATION_COMMENTS = YES;
				CLANG_WARN_EMPTY_BODY = YES;
				CLANG_WARN_ENUM_CONVERSION = YES;
				CLANG_WARN_INFINITE_RECURSION = YES;
				CLANG_WARN_INT_CONVERSION = YES;
				CLANG_WARN_OBJC_ROOT_CLASS = YES_ERROR;
				CLANG_WARN_SUSPICIOUS_MOVES = YES;
				CLANG_WARN_UNREACHABLE_CODE = YES;
				CLANG_WARN__DUPLICATE_METHOD_MATCH = YES;
				"CODE_SIGN_IDENTITY[sdk=iphoneos*]" = "iPhone Developer";
				COPY_PHASE_STRIP = NO;
				DEBUG_INFORMATION_FORMAT = "dwarf-with-dsym";
				ENABLE_NS_ASSERTIONS = NO;
				ENABLE_STRICT_OBJC_MSGSEND = YES;
				GCC_C_LANGUAGE_STANDARD = gnu99;
				GCC_NO_COMMON_BLOCKS = YES;
				GCC_WARN_64_TO_32_BIT_CONVERSION = YES;
				GCC_WARN_ABOUT_RETURN_TYPE = YES_ERROR;
				GCC_WARN_UNDECLARED_SELECTOR = YES;
				GCC_WARN_UNINITIALIZED_AUTOS = YES_AGGRESSIVE;
				GCC_WARN_UNUSED_FUNCTION = YES;
				GCC_WARN_UNUSED_VARIABLE = YES;
				IPHONEOS_DEPLOYMENT_TARGET = 10.1;
				MTL_ENABLE_DEBUG_INFO = NO;
				SDKROOT = iphoneos;
				SWIFT_OPTIMIZATION_LEVEL = "-Owholemodule";
				VALIDATE_PRODUCT = YES;
			};
			name = Release;
		};
		8CFB95AA1DD7C27200105BD4 /* Debug */ = {
			isa = XCBuildConfiguration;
			buildSettings = {
				ASSETCATALOG_COMPILER_APPICON_NAME = AppIcon;
				INFOPLIST_FILE = FHPSU/Info.plist;
				LD_RUNPATH_SEARCH_PATHS = "$(inherited) @executable_path/Frameworks";
				PRODUCT_BUNDLE_IDENTIFIER = edu.psu.yib5063.FHPSU;
				PRODUCT_NAME = "$(TARGET_NAME)";
				SWIFT_VERSION = 3.0;
			};
			name = Debug;
		};
		8CFB95AB1DD7C27200105BD4 /* Release */ = {
			isa = XCBuildConfiguration;
			buildSettings = {
				ASSETCATALOG_COMPILER_APPICON_NAME = AppIcon;
				INFOPLIST_FILE = FHPSU/Info.plist;
				LD_RUNPATH_SEARCH_PATHS = "$(inherited) @executable_path/Frameworks";
				PRODUCT_BUNDLE_IDENTIFIER = edu.psu.yib5063.FHPSU;
				PRODUCT_NAME = "$(TARGET_NAME)";
				SWIFT_VERSION = 3.0;
			};
			name = Release;
		};
		8CFB95AD1DD7C27200105BD4 /* Debug */ = {
			isa = XCBuildConfiguration;
			buildSettings = {
				ALWAYS_EMBED_SWIFT_STANDARD_LIBRARIES = YES;
				BUNDLE_LOADER = "$(TEST_HOST)";
				INFOPLIST_FILE = FHPSUTests/Info.plist;
				LD_RUNPATH_SEARCH_PATHS = "$(inherited) @executable_path/Frameworks @loader_path/Frameworks";
				PRODUCT_BUNDLE_IDENTIFIER = edu.psu.yib5063.FHPSUTests;
				PRODUCT_NAME = "$(TARGET_NAME)";
				SWIFT_VERSION = 3.0;
				TEST_HOST = "$(BUILT_PRODUCTS_DIR)/FHPSU.app/FHPSU";
			};
			name = Debug;
		};
		8CFB95AE1DD7C27200105BD4 /* Release */ = {
			isa = XCBuildConfiguration;
			buildSettings = {
				ALWAYS_EMBED_SWIFT_STANDARD_LIBRARIES = YES;
				BUNDLE_LOADER = "$(TEST_HOST)";
				INFOPLIST_FILE = FHPSUTests/Info.plist;
				LD_RUNPATH_SEARCH_PATHS = "$(inherited) @executable_path/Frameworks @loader_path/Frameworks";
				PRODUCT_BUNDLE_IDENTIFIER = edu.psu.yib5063.FHPSUTests;
				PRODUCT_NAME = "$(TARGET_NAME)";
				SWIFT_VERSION = 3.0;
				TEST_HOST = "$(BUILT_PRODUCTS_DIR)/FHPSU.app/FHPSU";
			};
			name = Release;
		};
		8CFB95B01DD7C27200105BD4 /* Debug */ = {
			isa = XCBuildConfiguration;
			buildSettings = {
				ALWAYS_EMBED_SWIFT_STANDARD_LIBRARIES = YES;
				INFOPLIST_FILE = FHPSUUITests/Info.plist;
				LD_RUNPATH_SEARCH_PATHS = "$(inherited) @executable_path/Frameworks @loader_path/Frameworks";
				PRODUCT_BUNDLE_IDENTIFIER = edu.psu.yib5063.FHPSUUITests;
				PRODUCT_NAME = "$(TARGET_NAME)";
				SWIFT_VERSION = 3.0;
				TEST_TARGET_NAME = FHPSU;
			};
			name = Debug;
		};
		8CFB95B11DD7C27200105BD4 /* Release */ = {
			isa = XCBuildConfiguration;
			buildSettings = {
				ALWAYS_EMBED_SWIFT_STANDARD_LIBRARIES = YES;
				INFOPLIST_FILE = FHPSUUITests/Info.plist;
				LD_RUNPATH_SEARCH_PATHS = "$(inherited) @executable_path/Frameworks @loader_path/Frameworks";
				PRODUCT_BUNDLE_IDENTIFIER = edu.psu.yib5063.FHPSUUITests;
				PRODUCT_NAME = "$(TARGET_NAME)";
				SWIFT_VERSION = 3.0;
				TEST_TARGET_NAME = FHPSU;
			};
			name = Release;
		};
/* End XCBuildConfiguration section */

/* Begin XCConfigurationList section */
		8CFB957C1DD7C27100105BD4 /* Build configuration list for PBXProject "FHPSU" */ = {
			isa = XCConfigurationList;
			buildConfigurations = (
				8CFB95A71DD7C27200105BD4 /* Debug */,
				8CFB95A81DD7C27200105BD4 /* Release */,
			);
			defaultConfigurationIsVisible = 0;
			defaultConfigurationName = Release;
		};
		8CFB95A91DD7C27200105BD4 /* Build configuration list for PBXNativeTarget "FHPSU" */ = {
			isa = XCConfigurationList;
			buildConfigurations = (
				8CFB95AA1DD7C27200105BD4 /* Debug */,
				8CFB95AB1DD7C27200105BD4 /* Release */,
			);
			defaultConfigurationIsVisible = 0;
		};
		8CFB95AC1DD7C27200105BD4 /* Build configuration list for PBXNativeTarget "FHPSUTests" */ = {
			isa = XCConfigurationList;
			buildConfigurations = (
				8CFB95AD1DD7C27200105BD4 /* Debug */,
				8CFB95AE1DD7C27200105BD4 /* Release */,
			);
			defaultConfigurationIsVisible = 0;
		};
		8CFB95AF1DD7C27200105BD4 /* Build configuration list for PBXNativeTarget "FHPSUUITests" */ = {
			isa = XCConfigurationList;
			buildConfigurations = (
				8CFB95B01DD7C27200105BD4 /* Debug */,
				8CFB95B11DD7C27200105BD4 /* Release */,
			);
			defaultConfigurationIsVisible = 0;
		};
/* End XCConfigurationList section */
	};
	rootObject = 8CFB95791DD7C27100105BD4 /* Project object */;
}
